
Microsoft Visual Studio Solution File, Format Version 12.00
# Visual Studio 15
VisualStudioVersion = 15.0.27703.2042
MinimumVisualStudioVersion = 10.0.40219.1
Project("{FAE04EC0-301F-11D3-BF4B-00C04F79EFBC}") = "Archive", "Archive\Archive.csproj", "{BAE00835-EC2D-414A-8C80-23DEEB13E758}"
EndProject
Global
	GlobalSection(SolutionConfigurationPlatforms) = preSolution
		Debug|Any CPU = Debug|Any CPU
		Release|Any CPU = Release|Any CPU
	EndGlobalSection
	GlobalSection(ProjectConfigurationPlatforms) = postSolution
		{BAE00835-EC2D-414A-8C80-23DEEB13E758}.Debug|Any CPU.ActiveCfg = Debug|Any CPU
		{BAE00835-EC2D-414A-8C80-23DEEB13E758}.Debug|Any CPU.Build.0 = Debug|Any CPU
		{BAE00835-EC2D-414A-8C80-23DEEB13E758}.Release|Any CPU.ActiveCfg = Release|Any CPU
		{BAE00835-EC2D-414A-8C80-23DEEB13E758}.Release|Any CPU.Build.0 = Release|Any CPU
	EndGlobalSection
	GlobalSection(SolutionProperties) = preSolution
		HideSolutionNode = FALSE
	EndGlobalSection
	GlobalSection(ExtensibilityGlobals) = postSolution
		SolutionGuid = {535BB1C5-B2DF-4AB0-A597-4BBDBDDD95E6}
	EndGlobalSection
EndGlobal
